// !$*UTF8*$!
{
	archiveVersion = 1;
	classes = {
	};
	objectVersion = 46;
	objects = {

/* Begin PBXBuildFile section */
		503ACCED1BE121D200A7E945 /* main.m in Sources */ = {isa = PBXBuildFile; fileRef = 503ACCEC1BE121D200A7E945 /* main.m */; };
		503ACCF01BE121D300A7E945 /* AppDelegate.m in Sources */ = {isa = PBXBuildFile; fileRef = 503ACCEF1BE121D300A7E945 /* AppDelegate.m */; };
		503ACCF31BE121D300A7E945 /* ViewController.m in Sources */ = {isa = PBXBuildFile; fileRef = 503ACCF21BE121D300A7E945 /* ViewController.m */; };
		503ACCF61BE121D300A7E945 /* Main.storyboard in Resources */ = {isa = PBXBuildFile; fileRef = 503ACCF41BE121D300A7E945 /* Main.storyboard */; };
		503ACCF81BE121D300A7E945 /* Images.xcassets in Resources */ = {isa = PBXBuildFile; fileRef = 503ACCF71BE121D300A7E945 /* Images.xcassets */; };
		503ACCFB1BE121D300A7E945 /* LaunchScreen.xib in Resources */ = {isa = PBXBuildFile; fileRef = 503ACCF91BE121D300A7E945 /* LaunchScreen.xib */; };
		503ACD071BE121D300A7E945 /* MHKCodesTests.m in Sources */ = {isa = PBXBuildFile; fileRef = 503ACD061BE121D300A7E945 /* MHKCodesTests.m */; };
/* End PBXBuildFile section */

/* Begin PBXContainerItemProxy section */
		503ACD011BE121D300A7E945 /* PBXContainerItemProxy */ = {
			isa = PBXContainerItemProxy;
			containerPortal = 503ACCDF1BE121D200A7E945 /* Project object */;
			proxyType = 1;
			remoteGlobalIDString = 503ACCE61BE121D200A7E945;
			remoteInfo = MHKCodes;
		};
/* End PBXContainerItemProxy section */

/* Begin PBXFileReference section */
		503ACCE71BE121D200A7E945 /* MHKCodes.app */ = {isa = PBXFileReference; explicitFileType = wrapper.application; includeInIndex = 0; path = MHKCodes.app; sourceTree = BUILT_PRODUCTS_DIR; };
		503ACCEB1BE121D200A7E945 /* Info.plist */ = {isa = PBXFileReference; lastKnownFileType = text.plist.xml; path = Info.plist; sourceTree = "<group>"; };
		503ACCEC1BE121D200A7E945 /* main.m */ = {isa = PBXFileReference; lastKnownFileType = sourcecode.c.objc; path = main.m; sourceTree = "<group>"; };
		503ACCEE1BE121D200A7E945 /* AppDelegate.h */ = {isa = PBXFileReference; lastKnownFileType = sourcecode.c.h; path = AppDelegate.h; sourceTree = "<group>"; };
		503ACCEF1BE121D300A7E945 /* AppDelegate.m */ = {isa = PBXFileReference; lastKnownFileType = sourcecode.c.objc; path = AppDelegate.m; sourceTree = "<group>"; };
		503ACCF11BE121D300A7E945 /* ViewController.h */ = {isa = PBXFileReference; lastKnownFileType = sourcecode.c.h; path = ViewController.h; sourceTree = "<group>"; };
		503ACCF21BE121D300A7E945 /* ViewController.m */ = {isa = PBXFileReference; lastKnownFileType = sourcecode.c.objc; path = ViewController.m; sourceTree = "<group>"; };
		503ACCF51BE121D300A7E945 /* Base */ = {isa = PBXFileReference; lastKnownFileType = file.storyboard; name = Base; path = Base.lproj/Main.storyboard; sourceTree = "<group>"; };
		503ACCF71BE121D300A7E945 /* Images.xcassets */ = {isa = PBXFileReference; lastKnownFileType = folder.assetcatalog; path = Images.xcassets; sourceTree = "<group>"; };
		503ACCFA1BE121D300A7E945 /* Base */ = {isa = PBXFileReference; lastKnownFileType = file.xib; name = Base; path = Base.lproj/LaunchScreen.xib; sourceTree = "<group>"; };
		503ACD001BE121D300A7E945 /* MHKCodesTests.xctest */ = {isa = PBXFileReference; explicitFileType = wrapper.cfbundle; includeInIndex = 0; path = MHKCodesTests.xctest; sourceTree = BUILT_PRODUCTS_DIR; };
		503ACD051BE121D300A7E945 /* Info.plist */ = {isa = PBXFileReference; lastKnownFileType = text.plist.xml; path = Info.plist; sourceTree = "<group>"; };
		503ACD061BE121D300A7E945 /* MHKCodesTests.m */ = {isa = PBXFileReference; lastKnownFileType = sourcecode.c.objc; path = MHKCodesTests.m; sourceTree = "<group>"; };
/* End PBXFileReference section */

/* Begin PBXFrameworksBuildPhase section */
		503ACCE41BE121D200A7E945 /* Frameworks */ = {
			isa = PBXFrameworksBuildPhase;
			buildActionMask = 2147483647;
			files = (
			);
			runOnlyForDeploymentPostprocessing = 0;
		};
		503ACCFD1BE121D300A7E945 /* Frameworks */ = {
			isa = PBXFrameworksBuildPhase;
			buildActionMask = 2147483647;
			files = (
			);
			runOnlyForDeploymentPostprocessing = 0;
		};
/* End PBXFrameworksBuildPhase section */

/* Begin PBXGroup section */
		503ACCDE1BE121D200A7E945 = {
			isa = PBXGroup;
			children = (
				503ACCE91BE121D200A7E945 /* MHKCodes */,
				503ACD031BE121D300A7E945 /* MHKCodesTests */,
				503ACCE81BE121D200A7E945 /* Products */,
			);
			sourceTree = "<group>";
		};
		503ACCE81BE121D200A7E945 /* Products */ = {
			isa = PBXGroup;
			children = (
				503ACCE71BE121D200A7E945 /* MHKCodes.app */,
				503ACD001BE121D300A7E945 /* MHKCodesTests.xctest */,
			);
			name = Products;
			sourceTree = "<group>";
		};
		503ACCE91BE121D200A7E945 /* MHKCodes */ = {
			isa = PBXGroup;
			children = (
				503ACCEE1BE121D200A7E945 /* AppDelegate.h */,
				503ACCEF1BE121D300A7E945 /* AppDelegate.m */,
				503ACCF11BE121D300A7E945 /* ViewController.h */,
				503ACCF21BE121D300A7E945 /* ViewController.m */,
				503ACCF41BE121D300A7E945 /* Main.storyboard */,
				503ACCF71BE121D300A7E945 /* Images.xcassets */,
				503ACCF91BE121D300A7E945 /* LaunchScreen.xib */,
				503ACCEA1BE121D200A7E945 /* Supporting Files */,
			);
			path = MHKCodes;
			sourceTree = "<group>";
		};
		503ACCEA1BE121D200A7E945 /* Supporting Files */ = {
			isa = PBXGroup;
			children = (
				503ACCEB1BE121D200A7E945 /* Info.plist */,
				503ACCEC1BE121D200A7E945 /* main.m */,
			);
			name = "Supporting Files";
			sourceTree = "<group>";
		};
		503ACD031BE121D300A7E945 /* MHKCodesTests */ = {
			isa = PBXGroup;
			children = (
				503ACD061BE121D300A7E945 /* MHKCodesTests.m */,
				503ACD041BE121D300A7E945 /* Supporting Files */,
			);
			path = MHKCodesTests;
			sourceTree = "<group>";
		};
		503ACD041BE121D300A7E945 /* Supporting Files */ = {
			isa = PBXGroup;
			children = (
				503ACD051BE121D300A7E945 /* Info.plist */,
			);
			name = "Supporting Files";
			sourceTree = "<group>";
		};
/* End PBXGroup section */

/* Begin PBXNativeTarget section */
		503ACCE61BE121D200A7E945 /* MHKCodes */ = {
			isa = PBXNativeTarget;
			buildConfigurationList = 503ACD0A1BE121D300A7E945 /* Build configuration list for PBXNativeTarget "MHKCodes" */;
			buildPhases = (
				503ACCE31BE121D200A7E945 /* Sources */,
				503ACCE41BE121D200A7E945 /* Frameworks */,
				503ACCE51BE121D200A7E945 /* Resources */,
			);
			buildRules = (
			);
			dependencies = (
			);
			name = MHKCodes;
			productName = MHKCodes;
			productReference = 503ACCE71BE121D200A7E945 /* MHKCodes.app */;
			productType = "com.apple.product-type.application";
		};
		503ACCFF1BE121D300A7E945 /* MHKCodesTests */ = {
			isa = PBXNativeTarget;
			buildConfigurationList = 503ACD0D1BE121D300A7E945 /* Build configuration list for PBXNativeTarget "MHKCodesTests" */;
			buildPhases = (
				503ACCFC1BE121D300A7E945 /* Sources */,
				503ACCFD1BE121D300A7E945 /* Frameworks */,
				503ACCFE1BE121D300A7E945 /* Resources */,
			);
			buildRules = (
			);
			dependencies = (
				503ACD021BE121D300A7E945 /* PBXTargetDependency */,
			);
			name = MHKCodesTests;
			productName = MHKCodesTests;
			productReference = 503ACD001BE121D300A7E945 /* MHKCodesTests.xctest */;
			productType = "com.apple.product-type.bundle.unit-test";
		};
/* End PBXNativeTarget section */

/* Begin PBXProject section */
		503ACCDF1BE121D200A7E945 /* Project object */ = {
			isa = PBXProject;
			attributes = {
				LastUpgradeCheck = 0630;
				ORGANIZATIONNAME = mhk;
				TargetAttributes = {
					503ACCE61BE121D200A7E945 = {
						CreatedOnToolsVersion = 6.3;
					};
					503ACCFF1BE121D300A7E945 = {
						CreatedOnToolsVersion = 6.3;
						TestTargetID = 503ACCE61BE121D200A7E945;
					};
				};
			};
			buildConfigurationList = 503ACCE21BE121D200A7E945 /* Build configuration list for PBXProject "MHKCodes" */;
			compatibilityVersion = "Xcode 3.2";
			developmentRegion = English;
			hasScannedForEncodings = 0;
			knownRegions = (
				en,
				Base,
			);
			mainGroup = 503ACCDE1BE121D200A7E945;
			productRefGroup = 503ACCE81BE121D200A7E945 /* Products */;
			projectDirPath = "";
			projectRoot = "";
			targets = (
				503ACCE61BE121D200A7E945 /* MHKCodes */,
				503ACCFF1BE121D300A7E945 /* MHKCodesTests */,
			);
		};
/* End PBXProject section */

/* Begin PBXResourcesBuildPhase section */
		503ACCE51BE121D200A7E945 /* Resources */ = {
			isa = PBXResourcesBuildPhase;
			buildActionMask = 2147483647;
			files = (
				503ACCF61BE121D300A7E945 /* Main.storyboard in Resources */,
				503ACCFB1BE121D300A7E945 /* LaunchScreen.xib in Resources */,
				503ACCF81BE121D300A7E945 /* Images.xcassets in Resources */,
			);
			runOnlyForDeploymentPostprocessing = 0;
		};
		503ACCFE1BE121D300A7E945 /* Resources */ = {
			isa = PBXResourcesBuildPhase;
			buildActionMask = 2147483647;
			files = (
			);
			runOnlyForDeploymentPostprocessing = 0;
		};
/* End PBXResourcesBuildPhase section */

/* Begin PBXSourcesBuildPhase section */
		503ACCE31BE121D200A7E945 /* Sources */ = {
			isa = PBXSourcesBuildPhase;
			buildActionMask = 2147483647;
			files = (
				503ACCF31BE121D300A7E945 /* ViewController.m in Sources */,
				503ACCF01BE121D300A7E945 /* AppDelegate.m in Sources */,
				503ACCED1BE121D200A7E945 /* main.m in Sources */,
			);
			runOnlyForDeploymentPostprocessing = 0;
		};
		503ACCFC1BE121D300A7E945 /* Sources */ = {
			isa = PBXSourcesBuildPhase;
			buildActionMask = 2147483647;
			files = (
				503ACD071BE121D300A7E945 /* MHKCodesTests.m in Sources */,
			);
			runOnlyForDeploymentPostprocessing = 0;
		};
/* End PBXSourcesBuildPhase section */

/* Begin PBXTargetDependency section */
		503ACD021BE121D300A7E945 /* PBXTargetDependency */ = {
			isa = PBXTargetDependency;
			target = 503ACCE61BE121D200A7E945 /* MHKCodes */;
			targetProxy = 503ACD011BE121D300A7E945 /* PBXContainerItemProxy */;
		};
/* End PBXTargetDependency section */

/* Begin PBXVariantGroup section */
		503ACCF41BE121D300A7E945 /* Main.storyboard */ = {
			isa = PBXVariantGroup;
			children = (
				503ACCF51BE121D300A7E945 /* Base */,
			);
			name = Main.storyboard;
			sourceTree = "<group>";
		};
		503ACCF91BE121D300A7E945 /* LaunchScreen.xib */ = {
			isa = PBXVariantGroup;
			children = (
				503ACCFA1BE121D300A7E945 /* Base */,
			);
			name = LaunchScreen.xib;
			sourceTree = "<group>";
		};
/* End PBXVariantGroup section */

/* Begin XCBuildConfiguration section */
		503ACD081BE121D300A7E945 /* Debug */ = {
			isa = XCBuildConfiguration;
			buildSettings = {
				ALWAYS_SEARCH_USER_PATHS = NO;
				CLANG_CXX_LANGUAGE_STANDARD = "gnu++0x";
				CLANG_CXX_LIBRARY = "libc++";
				CLANG_ENABLE_MODULES = YES;
				CLANG_ENABLE_OBJC_ARC = YES;
				CLANG_WARN_BOOL_CONVERSION = YES;
				CLANG_WARN_CONSTANT_CONVERSION = YES;
				CLANG_WARN_DIRECT_OBJC_ISA_USAGE = YES_ERROR;
				CLANG_WARN_EMPTY_BODY = YES;
				CLANG_WARN_ENUM_CONVERSION = YES;
				CLANG_WARN_INT_CONVERSION = YES;
				CLANG_WARN_OBJC_ROOT_CLASS = YES_ERROR;
				CLANG_WARN_UNREACHABLE_CODE = YES;
				CLANG_WARN__DUPLICATE_METHOD_MATCH = YES;
				"CODE_SIGN_IDENTITY[sdk=iphoneos*]" = "iPhone Developer";
				COPY_PHASE_STRIP = NO;
				DEBUG_INFORMATION_FORMAT = "dwarf-with-dsym";
				ENABLE_STRICT_OBJC_MSGSEND = YES;
				GCC_C_LANGUAGE_STANDARD = gnu99;
				GCC_DYNAMIC_NO_PIC = NO;
				GCC_NO_COMMON_BLOCKS = YES;
				GCC_OPTIMIZATION_LEVEL = 0;
				GCC_PREPROCESSOR_DEFINITIONS = (
					"DEBUG=1",
					"$(inherited)",
				);
				GCC_SYMBOLS_PRIVATE_EXTERN = NO;
				GCC_WARN_64_TO_32_BIT_CONVERSION = YES;
				GCC_WARN_ABOUT_RETURN_TYPE = YES_ERROR;
				GCC_WARN_UNDECLARED_SELECTOR = YES;
				GCC_WARN_UNINITIALIZED_AUTOS = YES_AGGRESSIVE;
				GCC_WARN_UNUSED_FUNCTION = YES;
				GCC_WARN_UNUSED_VARIABLE = YES;
				IPHONEOS_DEPLOYMENT_TARGET = 8.3;
				MTL_ENABLE_DEBUG_INFO = YES;
				ONLY_ACTIVE_ARCH = YES;
				SDKROOT = iphoneos;
			};
			name = Debug;
		};
		503ACD091BE121D300A7E945 /* Release */ = {
			isa = XCBuildConfiguration;
			buildSettings = {
				ALWAYS_SEARCH_USER_PATHS = NO;
				CLANG_CXX_LANGUAGE_STANDARD = "gnu++0x";
				CLANG_CXX_LIBRARY = "libc++";
				CLANG_ENABLE_MODULES = YES;
				CLANG_ENABLE_OBJC_ARC = YES;
				CLANG_WARN_BOOL_CONVERSION = YES;
				CLANG_WARN_CONSTANT_CONVERSION = YES;
				CLANG_WARN_DIRECT_OBJC_ISA_USAGE = YES_ERROR;
				CLANG_WARN_EMPTY_BODY = YES;
				CLANG_WARN_ENUM_CONVERSION = YES;
				CLANG_WARN_INT_CONVERSION = YES;
				CLANG_WARN_OBJC_ROOT_CLASS = YES_ERROR;
				CLANG_WARN_UNREACHABLE_CODE = YES;
				CLANG_WARN__DUPLICATE_METHOD_MATCH = YES;
				"CODE_SIGN_IDENTITY[sdk=iphoneos*]" = "iPhone Developer";
				COPY_PHASE_STRIP = NO;
				DEBUG_INFORMATION_FORMAT = "dwarf-with-dsym";
				ENABLE_NS_ASSERTIONS = NO;
				ENABLE_STRICT_OBJC_MSGSEND = YES;
				GCC_C_LANGUAGE_STANDARD = gnu99;
				GCC_NO_COMMON_BLOCKS = YES;
				GCC_WARN_64_TO_32_BIT_CONVERSION = YES;
				GCC_WARN_ABOUT_RETURN_TYPE = YES_ERROR;
				GCC_WARN_UNDECLARED_SELECTOR = YES;
				GCC_WARN_UNINITIALIZED_AUTOS = YES_AGGRESSIVE;
				GCC_WARN_UNUSED_FUNCTION = YES;
				GCC_WARN_UNUSED_VARIABLE = YES;
				IPHONEOS_DEPLOYMENT_TARGET = 8.3;
				MTL_ENABLE_DEBUG_INFO = NO;
				SDKROOT = iphoneos;
				VALIDATE_PRODUCT = YES;
			};
			name = Release;
		};
		503ACD0B1BE121D300A7E945 /* Debug */ = {
			isa = XCBuildConfiguration;
			buildSettings = {
				ASSETCATALOG_COMPILER_APPICON_NAME = AppIcon;
				INFOPLIST_FILE = MHKCodes/Info.plist;
				LD_RUNPATH_SEARCH_PATHS = "$(inherited) @executable_path/Frameworks";
				PRODUCT_NAME = "$(TARGET_NAME)";
			};
			name = Debug;
		};
		503ACD0C1BE121D300A7E945 /* Release */ = {
			isa = XCBuildConfiguration;
			buildSettings = {
				ASSETCATALOG_COMPILER_APPICON_NAME = AppIcon;
				INFOPLIST_FILE = MHKCodes/Info.plist;
				LD_RUNPATH_SEARCH_PATHS = "$(inherited) @executable_path/Frameworks";
				PRODUCT_NAME = "$(TARGET_NAME)";
			};
			name = Release;
		};
		503ACD0E1BE121D300A7E945 /* Debug */ = {
			isa = XCBuildConfiguration;
			buildSettings = {
				BUNDLE_LOADER = "$(TEST_HOST)";
				FRAMEWORK_SEARCH_PATHS = (
					"$(SDKROOT)/Developer/Library/Frameworks",
					"$(inherited)",
				);
				GCC_PREPROCESSOR_DEFINITIONS = (
					"DEBUG=1",
					"$(inherited)",
				);
				INFOPLIST_FILE = MHKCodesTests/Info.plist;
				LD_RUNPATH_SEARCH_PATHS = "$(inherited) @executable_path/Frameworks @loader_path/Frameworks";
				PRODUCT_NAME = "$(TARGET_NAME)";
				TEST_HOST = "$(BUILT_PRODUCTS_DIR)/MHKCodes.app/MHKCodes";
			};
			name = Debug;
		};
		503ACD0F1BE121D300A7E945 /* Release */ = {
			isa = XCBuildConfiguration;
			buildSettings = {
				BUNDLE_LOADER = "$(TEST_HOST)";
				FRAMEWORK_SEARCH_PATHS = (
					"$(SDKROOT)/Developer/Library/Frameworks",
					"$(inherited)",
				);
				INFOPLIST_FILE = MHKCodesTests/Info.plist;
				LD_RUNPATH_SEARCH_PATHS = "$(inherited) @executable_path/Frameworks @loader_path/Frameworks";
				PRODUCT_NAME = "$(TARGET_NAME)";
				TEST_HOST = "$(BUILT_PRODUCTS_DIR)/MHKCodes.app/MHKCodes";
			};
			name = Release;
		};
/* End XCBuildConfiguration section */

/* Begin XCConfigurationList section */
		503ACCE21BE121D200A7E945 /* Build configuration list for PBXProject "MHKCodes" */ = {
			isa = XCConfigurationList;
			buildConfigurations = (
				503ACD081BE121D300A7E945 /* Debug */,
				503ACD091BE121D300A7E945 /* Release */,
			);
			defaultConfigurationIsVisible = 0;
			defaultConfigurationName = Release;
		};
		503ACD0A1BE121D300A7E945 /* Build configuration list for PBXNativeTarget "MHKCodes" */ = {
			isa = XCConfigurationList;
			buildConfigurations = (
				503ACD0B1BE121D300A7E945 /* Debug */,
				503ACD0C1BE121D300A7E945 /* Release */,
			);
			defaultConfigurationIsVisible = 0;
		};
		503ACD0D1BE121D300A7E945 /* Build configuration list for PBXNativeTarget "MHKCodesTests" */ = {
			isa = XCConfigurationList;
			buildConfigurations = (
				503ACD0E1BE121D300A7E945 /* Debug */,
				503ACD0F1BE121D300A7E945 /* Release */,
			);
			defaultConfigurationIsVisible = 0;
		};
/* End XCConfigurationList section */
	};
	rootObject = 503ACCDF1BE121D200A7E945 /* Project object */;
}
